# This file is autogenerated, do not edit; changes may be undone by the next 'dep ensure'.


[[projects]]
  digest = "1:66b8ed452b31eb9075bc53295952487c333a9cb555de57ed61f5664c058d9050"
  name = "github.com/Shopify/sarama"
  packages = ["."]
  pruneopts = "UT"
  revision = "35324cf48e33d8260e1c7c18854465a904ade249"
  version = "v1.17.0"

[[projects]]
  digest = "1:50e893a85575fa48dc4982a279e50e2fd8b74e4f7c587860c1e25c77083b8125"
  name = "github.com/cihub/seelog"
  packages = ["."]
  pruneopts = "UT"
  revision = "d2c6e5aa9fbfdd1c624e140287063c7730654115"
  version = "v2.6"

[[projects]]
  branch = "master"
  digest = "1:bffcc611ee41c4045f2c931d3d66fa6c0df38cbc7834f4f3410a377b5f7510b2"
  name = "github.com/d3luxee/siesta"
  packages = ["."]
  pruneopts = "UT"
  revision = "66e014bdbd6eabc45e717ec7f619e9aa6c48b6d7"

[[projects]]
  branch = "master"
  digest = "1:cffd821e03e9a772eb421522d287ec2575f3e8e93e47eb87b2350f15369fd015"
  name = "github.com/d3luxee/siesta-producer"
  packages = ["."]
  pruneopts = "UT"
  revision = "f240e519fe159f40f3470140073384716259f909"

[[projects]]
  digest = "1:a2c1d0e43bd3baaa071d1b9ed72c27d78169b2b269f71c105ac4ba34b1be4a39"
  name = "github.com/davecgh/go-spew"
  packages = ["spew"]
  pruneopts = "UT"
  revision = "346938d642f2ec3594ed81d874461961cd0faa76"
  version = "v1.1.0"

[[projects]]
  digest = "1:1f0c7ab489b407a7f8f9ad16c25a504d28ab461517a971d341388a56156c1bd7"
  name = "github.com/eapache/go-resiliency"
  packages = ["breaker"]
  pruneopts = "UT"
  revision = "ea41b0fad31007accc7f806884dcdf3da98b79ce"
  version = "v1.1.0"

[[projects]]
  branch = "master"
  digest = "1:0448d1c1a596941c608762912fe7c865f88d9ffa45afb8af1edcf1401762bf7e"
  name = "github.com/eapache/go-xerial-snappy"
  packages = ["."]
  pruneopts = "UT"
  revision = "040cc1a32f578808623071247fdbd5cc43f37f5f"

[[projects]]
  digest = "1:444b82bfe35c83bbcaf84e310fb81a1f9ece03edfed586483c869e2c046aef69"
  name = "github.com/eapache/queue"
  packages = ["."]
  pruneopts = "UT"
  revision = "44cc805cf13205b55f69e14bcb69867d1ae92f98"
  version = "v1.1.0"

[[projects]]
  branch = "master"
  digest = "1:7f621bf4f39a01fab3eb4c3c9f43a9dce35445222c0893a8d325a39299063fb6"
  name = "github.com/elodina/go-avro"
  packages = ["."]
  pruneopts = "UT"
  revision = "0c8185d9a3ba82aeac98db3313a268a5b6df99b5"

[[projects]]
  branch = "master"
  digest = "1:c171743122f5b63c882eb23f59d7209cfa22b18658a956f78d1a84f011c99c0b"
  name = "github.com/elodina/go-kafka-avro"
  packages = ["."]
  pruneopts = "UT"
  revision = "ab6b1d1c9a2361e639af25c13653fee505b5d2ce"

[[projects]]
  branch = "master"
  digest = "1:f87c17a004869478b815fcf80667d5110a5eeedd635fbb59a8d3399b0794f5d1"
  name = "github.com/elodina/go_kafka_client"
  packages = [
    ".",
    "avro",
  ]
  pruneopts = "UT"
  revision = "95d107b0c102fa81b8c1e5e556adc23352fad065"

[[projects]]
  digest = "1:29097967870e43a12294fd3075f8984265579af069f50365e383339cca3ee654"
  name = "github.com/elodina/siesta"
  packages = ["."]
  pruneopts = "UT"
  revision = "b475e0c7323e380d6c8fa7a440cb7f350510f809"

[[projects]]
  digest = "1:7fa9ebc5e50f5e86c24d6607c2e7808eb547e59c48c3a94c865c57dd666fbb24"
  name = "github.com/elodina/siesta-producer"
  packages = ["."]
  pruneopts = "UT"
  revision = "6467e5fd2b8d67d5ff2f4b32989495053c463269"

[[projects]]
  branch = "master"
  digest = "1:4a0c6bb4805508a6287675fac876be2ac1182539ca8a32468d8128882e9d5009"
  name = "github.com/golang/snappy"
  packages = ["."]
  pruneopts = "UT"
  revision = "2e65f85255dbc3072edf28d6b5b8efc472979f5a"

[[projects]]
  digest = "1:29803f52611cbcc1dfe55b456e9fdac362af7248b3d29d7ea1bec0a12e71dff4"
  name = "github.com/pierrec/lz4"
  packages = [
    ".",
    "internal/xxh32",
  ]
  pruneopts = "UT"
  revision = "1958fd8fff7f115e79725b1288e0b878b3e06b00"
  version = "v2.0.3"

[[projects]]
  branch = "master"
  digest = "1:c4556a44e350b50a490544d9b06e9fba9c286c21d6c0e47f54f3a9214597298c"
  name = "github.com/rcrowley/go-metrics"
  packages = ["."]
  pruneopts = "UT"
  revision = "e2704e165165ec55d062f5919b4b29494e9fa790"

[[projects]]
  branch = "master"
  digest = "1:4d92d3bcd412de705100c10f0428a0b63b12f3d12455ebae46e9ea384c23b333"
  name = "github.com/samuel/go-zookeeper"
  packages = ["zk"]
  pruneopts = "UT"
  revision = "c4fab1ac1bec58281ad0667dc3f0907a9476ac47"

[[projects]]
  branch = "master"
  digest = "1:d08faf968ba3b2091ebccf65e8eee48cbcf7bb101b891a421f11c26dd562f95b"
  name = "github.com/yanzay/cfg"
  packages = ["."]
  pruneopts = "UT"
  revision = "3b647091f880406fdb14edcb309ce750a38d3e85"

[[projects]]
  digest = "1:50e893a85575fa48dc4982a279e50e2fd8b74e4f7c587860c1e25c77083b8125"
  name = "gopkg.in/cihub/seelog.v2"
  packages = ["."]
  pruneopts = "UT"
  revision = "d2c6e5aa9fbfdd1c624e140287063c7730654115"
  version = "v2.6"

[solve-meta]
  analyzer-name = "dep"
  analyzer-version = 1
  input-imports = [
    "github.com/Shopify/sarama",
    "github.com/cihub/seelog",
    "github.com/d3luxee/siesta",
    "github.com/d3luxee/siesta-producer",
    "github.com/elodina/go-avro",
    "github.com/elodina/go-kafka-avro",
    "github.com/elodina/go_kafka_client",
    "github.com/elodina/go_kafka_client/avro",
    "github.com/rcrowley/go-metrics",
    "github.com/samuel/go-zookeeper/zk",
    "github.com/yanzay/cfg",
  ]
  solver-name = "gps-cdcl"
  solver-version = 1
